
Microsoft Visual Studio Solution File, Format Version 12.00
# Visual Studio Version 17
VisualStudioVersion = 17.3.32825.248
MinimumVisualStudioVersion = 10.0.40219.1
Project("{FAE04EC0-301F-11D3-BF4B-00C04F79EFBC}") = "OnlineLibrary", "OnlineLibrary\OnlineLibrary.csproj", "{CDA28FE0-6434-4DF1-9FDD-02531F86FE35}"
EndProject
Global
	GlobalSection(SolutionConfigurationPlatforms) = preSolution
		Debug|Any CPU = Debug|Any CPU
		Release|Any CPU = Release|Any CPU
	EndGlobalSection
	GlobalSection(ProjectConfigurationPlatforms) = postSolution
		{CDA28FE0-6434-4DF1-9FDD-02531F86FE35}.Debug|Any CPU.ActiveCfg = Debug|Any CPU
		{CDA28FE0-6434-4DF1-9FDD-02531F86FE35}.Debug|Any CPU.Build.0 = Debug|Any CPU
		{CDA28FE0-6434-4DF1-9FDD-02531F86FE35}.Release|Any CPU.ActiveCfg = Release|Any CPU
		{CDA28FE0-6434-4DF1-9FDD-02531F86FE35}.Release|Any CPU.Build.0 = Release|Any CPU
	EndGlobalSection
	GlobalSection(SolutionProperties) = preSolution
		HideSolutionNode = FALSE
	EndGlobalSection
	GlobalSection(ExtensibilityGlobals) = postSolution
		SolutionGuid = {91657C2C-55CF-41B4-8E0F-0D6046309257}
	EndGlobalSection
EndGlobal
